{
  "version": "4",
  "specifiers": {
    "npm:@playwright/test@^1.40.1": "1.49.1",
    "npm:@types/node@^20.10.7": "20.17.16",
    "npm:moveable@0.53": "0.53.0_croact@1.0.4",
    "npm:typedoc-plugin-markdown@^3.17.1": "3.17.1_typedoc@0.25.13__typescript@5.4.5",
    "npm:typedoc-plugin-zod@^1.1.2": "1.3.1_typedoc@0.25.13__typescript@5.4.5",
    "npm:typedoc@~0.25.6": "0.25.13_typescript@5.4.5",
    "npm:typescript@^5.2.2": "5.7.3",
    "npm:vite@^5.0.8": "5.4.14_@types+node@20.17.16",
    "npm:vitepress-plugin-auto-sidebar@^1.1.0": "1.2.0",
    "npm:vitepress@1.0.0-rc.35": "1.0.0-rc.35_vite@5.4.14__@types+node@20.17.16_vue@3.5.13__typescript@5.7.3_focus-trap@7.6.4_@types+node@20.17.16_typescript@5.7.3",
    "npm:zod@^3.24.1": "3.24.1"
  },
  "npm": {
    "@algolia/autocomplete-core@1.17.9_algoliasearch@5.20.0": {
      "integrity": "sha512-O7BxrpLDPJWWHv/DLA9DRFWs+iY1uOJZkqUwjS5HSZAGcl0hIVCQ97LTLewiZmZ402JYUrun+8NqFP+hCknlbQ==",
      "dependencies": [
        "@algolia/autocomplete-plugin-algolia-insights",
        "@algolia/autocomplete-shared"
      ]
    },
    "@algolia/autocomplete-plugin-algolia-insights@1.17.9_search-insights@2.17.3_algoliasearch@5.20.0": {
      "integrity": "sha512-u1fEHkCbWF92DBeB/KHeMacsjsoI0wFhjZtlCq2ddZbAehshbZST6Hs0Avkc0s+4UyBGbMDnSuXHLuvRWK5iDQ==",
      "dependencies": [
        "@algolia/autocomplete-shared",
        "search-insights"
      ]
    },
    "@algolia/autocomplete-preset-algolia@1.17.9_@algolia+client-search@5.20.0_algoliasearch@5.20.0": {
      "integrity": "sha512-Na1OuceSJeg8j7ZWn5ssMu/Ax3amtOwk76u4h5J4eK2Nx2KB5qt0Z4cOapCsxot9VcEN11ADV5aUSlQF4RhGjQ==",
      "dependencies": [
        "@algolia/autocomplete-shared",
        "@algolia/client-search",
        "algoliasearch"
      ]
    },
    "@algolia/autocomplete-shared@1.17.9_@algolia+client-search@5.20.0_algoliasearch@5.20.0": {
      "integrity": "sha512-iDf05JDQ7I0b7JEA/9IektxN/80a2MZ1ToohfmNS3rfeuQnIKI3IJlIafD0xu4StbtQTghx9T3Maa97ytkXenQ==",
      "dependencies": [
        "@algolia/client-search",
        "algoliasearch"
      ]
    },
    "@algolia/client-abtesting@5.20.0": {
      "integrity": "sha512-YaEoNc1Xf2Yk6oCfXXkZ4+dIPLulCx8Ivqj0OsdkHWnsI3aOJChY5qsfyHhDBNSOhqn2ilgHWxSfyZrjxBcAww==",
      "dependencies": [
        "@algolia/client-common",
        "@algolia/requester-browser-xhr",
        "@algolia/requester-fetch",
        "@algolia/requester-node-http"
      ]
    },
    "@algolia/client-analytics@5.20.0": {
      "integrity": "sha512-CIT9ni0+5sYwqehw+t5cesjho3ugKQjPVy/iPiJvtJX4g8Cdb6je6SPt2uX72cf2ISiXCAX9U3cY0nN0efnRDw==",
      "dependencies": [
        "@algolia/client-common",
        "@algolia/requester-browser-xhr",
        "@algolia/requester-fetch",
        "@algolia/requester-node-http"
      ]
    },
    "@algolia/client-common@5.20.0": {
      "integrity": "sha512-iSTFT3IU8KNpbAHcBUJw2HUrPnMXeXLyGajmCL7gIzWOsYM4GabZDHXOFx93WGiXMti1dymz8k8R+bfHv1YZmA=="
    },
    "@algolia/client-insights@5.20.0": {
      "integrity": "sha512-w9RIojD45z1csvW1vZmAko82fqE/Dm+Ovsy2ElTsjFDB0HMAiLh2FO86hMHbEXDPz6GhHKgGNmBRiRP8dDPgJg==",
      "dependencies": [
        "@algolia/client-common",
        "@algolia/requester-browser-xhr",
        "@algolia/requester-fetch",
        "@algolia/requester-node-http"
      ]
    },
    "@algolia/client-personalization@5.20.0": {
      "integrity": "sha512-p/hftHhrbiHaEcxubYOzqVV4gUqYWLpTwK+nl2xN3eTrSW9SNuFlAvUBFqPXSVBqc6J5XL9dNKn3y8OA1KElSQ==",
      "dependencies": [
        "@algolia/client-common",
        "@algolia/requester-browser-xhr",
        "@algolia/requester-fetch",
        "@algolia/requester-node-http"
      ]
    },
    "@algolia/client-query-suggestions@5.20.0": {
      "integrity": "sha512-m4aAuis5vZi7P4gTfiEs6YPrk/9hNTESj3gEmGFgfJw3hO2ubdS4jSId1URd6dGdt0ax2QuapXufcrN58hPUcw==",
      "dependencies": [
        "@algolia/client-common",
        "@algolia/requester-browser-xhr",
        "@algolia/requester-fetch",
        "@algolia/requester-node-http"
      ]
    },
    "@algolia/client-search@5.20.0": {
      "integrity": "sha512-KL1zWTzrlN4MSiaK1ea560iCA/UewMbS4ZsLQRPoDTWyrbDKVbztkPwwv764LAqgXk0fvkNZvJ3IelcK7DqhjQ==",
      "dependencies": [
        "@algolia/client-common",
        "@algolia/requester-browser-xhr",
        "@algolia/requester-fetch",
        "@algolia/requester-node-http"
      ]
    },
    "@algolia/ingestion@1.20.0": {
      "integrity": "sha512-shj2lTdzl9un4XJblrgqg54DoK6JeKFO8K8qInMu4XhE2JuB8De6PUuXAQwiRigZupbI0xq8aM0LKdc9+qiLQA==",
      "dependencies": [
        "@algolia/client-common",
        "@algolia/requester-browser-xhr",
        "@algolia/requester-fetch",
        "@algolia/requester-node-http"
      ]
    },
    "@algolia/monitoring@1.20.0": {
      "integrity": "sha512-aF9blPwOhKtWvkjyyXh9P5peqmhCA1XxLBRgItT+K6pbT0q4hBDQrCid+pQZJYy4HFUKjB/NDDwyzFhj/rwKhw==",
      "dependencies": [
        "@algolia/client-common",
        "@algolia/requester-browser-xhr",
        "@algolia/requester-fetch",
        "@algolia/requester-node-http"
      ]
    },
    "@algolia/recommend@5.20.0": {
      "integrity": "sha512-T6B/WPdZR3b89/F9Vvk6QCbt/wrLAtrGoL8z4qPXDFApQ8MuTFWbleN/4rHn6APWO3ps+BUePIEbue2rY5MlRw==",
      "dependencies": [
        "@algolia/client-common",
        "@algolia/requester-browser-xhr",
        "@algolia/requester-fetch",
        "@algolia/requester-node-http"
      ]
    },
    "@algolia/requester-browser-xhr@5.20.0": {
      "integrity": "sha512-t6//lXsq8E85JMenHrI6mhViipUT5riNhEfCcvtRsTV+KIBpC6Od18eK864dmBhoc5MubM0f+sGpKOqJIlBSCg==",
      "dependencies": [
        "@algolia/client-common"
      ]
    },
    "@algolia/requester-fetch@5.20.0": {
      "integrity": "sha512-FHxYGqRY+6bgjKsK4aUsTAg6xMs2S21elPe4Y50GB0Y041ihvw41Vlwy2QS6K9ldoftX4JvXodbKTcmuQxywdQ==",
      "dependencies": [
        "@algolia/client-common"
      ]
    },
    "@algolia/requester-node-http@5.20.0": {
      "integrity": "sha512-kmtQClq/w3vtPteDSPvaW9SPZL/xrIgMrxZyAgsFwrJk0vJxqyC5/hwHmrCraDnStnGSADnLpBf4SpZnwnkwWw==",
      "dependencies": [
        "@algolia/client-common"
      ]
    },
    "@babel/helper-string-parser@7.25.9": {
      "integrity": "sha512-4A/SCr/2KLd5jrtOMFzaKjVtAei3+2r/NChoBNoZ3EyP/+GlhoaEGoWOZUmFmoITP7zOJyHIMm+DYRd8o3PvHA=="
    },
    "@babel/helper-validator-identifier@7.25.9": {
      "integrity": "sha512-Ed61U6XJc3CVRfkERJWDz4dJwKe7iLmmJsbOGu9wSloNSFttHV0I8g6UAgb7qnK5ly5bGLPd4oXZlxCdANBOWQ=="
    },
    "@babel/parser@7.26.5": {
      "integrity": "sha512-SRJ4jYmXRqV1/Xc+TIVG84WjHBXKlxO9sHQnA2Pf12QQEAp1LOh6kDzNHXcUnbH1QI0FDoPPVOt+vyUDucxpaw==",
      "dependencies": [
        "@babel/types"
      ]
    },
    "@babel/types@7.26.5": {
      "integrity": "sha512-L6mZmwFDK6Cjh1nRCLXpa6no13ZIioJDz7mdkzHv399pThrTa/k0nUlNaenOeh2kWu/iaOQYElEpKPUswUa9Vg==",
      "dependencies": [
        "@babel/helper-string-parser",
        "@babel/helper-validator-identifier"
      ]
    },
    "@cfcs/core@0.0.6": {
      "integrity": "sha512-FxfJMwoLB8MEMConeXUCqtMGqxdtePQxRBOiGip9ULcYYam3WfCgoY6xdnMaSkYvRvmosp5iuG+TiPofm65+Pw==",
      "dependencies": [
        "@egjs/component"
      ]
    },
    "@daybrush/utils@1.13.0": {
      "integrity": "sha512-ALK12C6SQNNHw1enXK+UO8bdyQ+jaWNQ1Af7Z3FNxeAwjYhQT7do+TRE4RASAJ3ObaS2+TJ7TXR3oz2Gzbw0PQ=="
    },
    "@docsearch/css@3.8.3": {
      "integrity": "sha512-1nELpMV40JDLJ6rpVVFX48R1jsBFIQ6RnEQDsLFGmzOjPWTOMlZqUcXcvRx8VmYV/TqnS1l784Ofz+ZEb+wEOQ=="
    },
    "@docsearch/js@3.8.3": {
      "integrity": "sha512-CQsX1zeoPJIWxN3IGoDSWOqzRc0JsOE9Bclegf9llwjYN2rzzJF93zagGcT3uI3tF31oCqTuUOVGW/mVFb7arw==",
      "dependencies": [
        "@docsearch/react",
        "preact"
      ]
    },
    "@docsearch/react@3.8.3_algoliasearch@5.20.0": {
      "integrity": "sha512-6UNrg88K7lJWmuS6zFPL/xgL+n326qXqZ7Ybyy4E8P/6Rcblk3GE8RXxeol4Pd5pFpKMhOhBhzABKKwHtbJCIg==",
      "dependencies": [
        "@algolia/autocomplete-core",
        "@algolia/autocomplete-preset-algolia",
        "@docsearch/css",
        "algoliasearch"
      ]
    },
    "@egjs/agent@2.4.4": {
      "integrity": "sha512-cvAPSlUILhBBOakn2krdPnOGv5hAZq92f1YHxYcfu0p7uarix2C6Ia3AVizpS1SGRZGiEkIS5E+IVTLg1I2Iog=="
    },
    "@egjs/children-differ@1.0.1": {
      "integrity": "sha512-DRvyqMf+CPCOzAopQKHtW+X8iN6Hy6SFol+/7zCUiE5y4P/OB8JP8FtU4NxtZwtafvSL4faD5KoQYPj3JHzPFQ==",
      "dependencies": [
        "@egjs/list-differ"
      ]
    },
    "@egjs/component@3.0.5": {
      "integrity": "sha512-cLcGizTrrUNA2EYE3MBmEDt2tQv1joVP1Q3oDisZ5nw0MZDx2kcgEXM+/kZpfa/PAkFvYVhRUZwytIQWoN3V/w=="
    },
    "@egjs/list-differ@1.0.1": {
      "integrity": "sha512-OTFTDQcWS+1ZREOdCWuk5hCBgYO4OsD30lXcOCyVOAjXMhgL5rBRDnt/otb6Nz8CzU0L/igdcaQBDLWc4t9gvg=="
    },
    "@esbuild/aix-ppc64@0.21.5": {
      "integrity": "sha512-1SDgH6ZSPTlggy1yI6+Dbkiz8xzpHJEVAlF/AM1tHPLsf5STom9rwtjE4hKAF20FfXXNTFqEYXyJNWh1GiZedQ=="
    },
    "@esbuild/android-arm64@0.21.5": {
      "integrity": "sha512-c0uX9VAUBQ7dTDCjq+wdyGLowMdtR/GoC2U5IYk/7D1H1JYC0qseD7+11iMP2mRLN9RcCMRcjC4YMclCzGwS/A=="
    },
    "@esbuild/android-arm@0.21.5": {
      "integrity": "sha512-vCPvzSjpPHEi1siZdlvAlsPxXl7WbOVUBBAowWug4rJHb68Ox8KualB+1ocNvT5fjv6wpkX6o/iEpbDrf68zcg=="
    },
    "@esbuild/android-x64@0.21.5": {
      "integrity": "sha512-D7aPRUUNHRBwHxzxRvp856rjUHRFW1SdQATKXH2hqA0kAZb1hKmi02OpYRacl0TxIGz/ZmXWlbZgjwWYaCakTA=="
    },
    "@esbuild/darwin-arm64@0.21.5": {
      "integrity": "sha512-DwqXqZyuk5AiWWf3UfLiRDJ5EDd49zg6O9wclZ7kUMv2WRFr4HKjXp/5t8JZ11QbQfUS6/cRCKGwYhtNAY88kQ=="
    },
    "@esbuild/darwin-x64@0.21.5": {
      "integrity": "sha512-se/JjF8NlmKVG4kNIuyWMV/22ZaerB+qaSi5MdrXtd6R08kvs2qCN4C09miupktDitvh8jRFflwGFBQcxZRjbw=="
    },
    "@esbuild/freebsd-arm64@0.21.5": {
      "integrity": "sha512-5JcRxxRDUJLX8JXp/wcBCy3pENnCgBR9bN6JsY4OmhfUtIHe3ZW0mawA7+RDAcMLrMIZaf03NlQiX9DGyB8h4g=="
    },
    "@esbuild/freebsd-x64@0.21.5": {
      "integrity": "sha512-J95kNBj1zkbMXtHVH29bBriQygMXqoVQOQYA+ISs0/2l3T9/kj42ow2mpqerRBxDJnmkUDCaQT/dfNXWX/ZZCQ=="
    },
    "@esbuild/linux-arm64@0.21.5": {
      "integrity": "sha512-ibKvmyYzKsBeX8d8I7MH/TMfWDXBF3db4qM6sy+7re0YXya+K1cem3on9XgdT2EQGMu4hQyZhan7TeQ8XkGp4Q=="
    },
    "@esbuild/linux-arm@0.21.5": {
      "integrity": "sha512-bPb5AHZtbeNGjCKVZ9UGqGwo8EUu4cLq68E95A53KlxAPRmUyYv2D6F0uUI65XisGOL1hBP5mTronbgo+0bFcA=="
    },
    "@esbuild/linux-ia32@0.21.5": {
      "integrity": "sha512-YvjXDqLRqPDl2dvRODYmmhz4rPeVKYvppfGYKSNGdyZkA01046pLWyRKKI3ax8fbJoK5QbxblURkwK/MWY18Tg=="
    },
    "@esbuild/linux-loong64@0.21.5": {
      "integrity": "sha512-uHf1BmMG8qEvzdrzAqg2SIG/02+4/DHB6a9Kbya0XDvwDEKCoC8ZRWI5JJvNdUjtciBGFQ5PuBlpEOXQj+JQSg=="
    },
    "@esbuild/linux-mips64el@0.21.5": {
      "integrity": "sha512-IajOmO+KJK23bj52dFSNCMsz1QP1DqM6cwLUv3W1QwyxkyIWecfafnI555fvSGqEKwjMXVLokcV5ygHW5b3Jbg=="
    },
    "@esbuild/linux-ppc64@0.21.5": {
      "integrity": "sha512-1hHV/Z4OEfMwpLO8rp7CvlhBDnjsC3CttJXIhBi+5Aj5r+MBvy4egg7wCbe//hSsT+RvDAG7s81tAvpL2XAE4w=="
    },
    "@esbuild/linux-riscv64@0.21.5": {
      "integrity": "sha512-2HdXDMd9GMgTGrPWnJzP2ALSokE/0O5HhTUvWIbD3YdjME8JwvSCnNGBnTThKGEB91OZhzrJ4qIIxk/SBmyDDA=="
    },
    "@esbuild/linux-s390x@0.21.5": {
      "integrity": "sha512-zus5sxzqBJD3eXxwvjN1yQkRepANgxE9lgOW2qLnmr8ikMTphkjgXu1HR01K4FJg8h1kEEDAqDcZQtbrRnB41A=="
    },
    "@esbuild/linux-x64@0.21.5": {
      "integrity": "sha512-1rYdTpyv03iycF1+BhzrzQJCdOuAOtaqHTWJZCWvijKD2N5Xu0TtVC8/+1faWqcP9iBCWOmjmhoH94dH82BxPQ=="
    },
    "@esbuild/netbsd-x64@0.21.5": {
      "integrity": "sha512-Woi2MXzXjMULccIwMnLciyZH4nCIMpWQAs049KEeMvOcNADVxo0UBIQPfSmxB3CWKedngg7sWZdLvLczpe0tLg=="
    },
    "@esbuild/openbsd-x64@0.21.5": {
      "integrity": "sha512-HLNNw99xsvx12lFBUwoT8EVCsSvRNDVxNpjZ7bPn947b8gJPzeHWyNVhFsaerc0n3TsbOINvRP2byTZ5LKezow=="
    },
    "@esbuild/sunos-x64@0.21.5": {
      "integrity": "sha512-6+gjmFpfy0BHU5Tpptkuh8+uw3mnrvgs+dSPQXQOv3ekbordwnzTVEb4qnIvQcYXq6gzkyTnoZ9dZG+D4garKg=="
    },
    "@esbuild/win32-arm64@0.21.5": {
      "integrity": "sha512-Z0gOTd75VvXqyq7nsl93zwahcTROgqvuAcYDUr+vOv8uHhNSKROyU961kgtCD1e95IqPKSQKH7tBTslnS3tA8A=="
    },
    "@esbuild/win32-ia32@0.21.5": {
      "integrity": "sha512-SWXFF1CL2RVNMaVs+BBClwtfZSvDgtL//G/smwAc5oVK/UPu2Gu9tIaRgFmYFFKrmg3SyAjSrElf0TiJ1v8fYA=="
    },
    "@esbuild/win32-x64@0.21.5": {
      "integrity": "sha512-tQd/1efJuzPC6rCFwEvLtci/xNFcTZknmXs98FYDfGE4wP9ClFV98nyKrzJKVPMhdDnjzLhdUyMX4PsQAPjwIw=="
    },
    "@jridgewell/sourcemap-codec@1.5.0": {
      "integrity": "sha512-gv3ZRaISU3fjPAgNsriBRqGWQL6quFx04YMPW/zD8XMLsU32mhCCbfbO6KZFLjvYpCZ8zyDEgqsgf+PwPaM7GQ=="
    },
    "@playwright/test@1.49.1": {
      "integrity": "sha512-Ky+BVzPz8pL6PQxHqNRW1k3mIyv933LML7HktS8uik0bUXNCdPhoS/kLihiO1tMf/egaJb4IutXd7UywvXEW+g==",
      "dependencies": [
        "playwright"
      ]
    },
    "@rollup/rollup-android-arm-eabi@4.31.0": {
      "integrity": "sha512-9NrR4033uCbUBRgvLcBrJofa2KY9DzxL2UKZ1/4xA/mnTNyhZCWBuD8X3tPm1n4KxcgaraOYgrFKSgwjASfmlA=="
    },
    "@rollup/rollup-android-arm64@4.31.0": {
      "integrity": "sha512-iBbODqT86YBFHajxxF8ebj2hwKm1k8PTBQSojSt3d1FFt1gN+xf4CowE47iN0vOSdnd+5ierMHBbu/rHc7nq5g=="
    },
    "@rollup/rollup-darwin-arm64@4.31.0": {
      "integrity": "sha512-WHIZfXgVBX30SWuTMhlHPXTyN20AXrLH4TEeH/D0Bolvx9PjgZnn4H677PlSGvU6MKNsjCQJYczkpvBbrBnG6g=="
    },
    "@rollup/rollup-darwin-x64@4.31.0": {
      "integrity": "sha512-hrWL7uQacTEF8gdrQAqcDy9xllQ0w0zuL1wk1HV8wKGSGbKPVjVUv/DEwT2+Asabf8Dh/As+IvfdU+H8hhzrQQ=="
    },
    "@rollup/rollup-freebsd-arm64@4.31.0": {
      "integrity": "sha512-S2oCsZ4hJviG1QjPY1h6sVJLBI6ekBeAEssYKad1soRFv3SocsQCzX6cwnk6fID6UQQACTjeIMB+hyYrFacRew=="
    },
    "@rollup/rollup-freebsd-x64@4.31.0": {
      "integrity": "sha512-pCANqpynRS4Jirn4IKZH4tnm2+2CqCNLKD7gAdEjzdLGbH1iO0zouHz4mxqg0uEMpO030ejJ0aA6e1PJo2xrPA=="
    },
    "@rollup/rollup-linux-arm-gnueabihf@4.31.0": {
      "integrity": "sha512-0O8ViX+QcBd3ZmGlcFTnYXZKGbFu09EhgD27tgTdGnkcYXLat4KIsBBQeKLR2xZDCXdIBAlWLkiXE1+rJpCxFw=="
    },
    "@rollup/rollup-linux-arm-musleabihf@4.31.0": {
      "integrity": "sha512-w5IzG0wTVv7B0/SwDnMYmbr2uERQp999q8FMkKG1I+j8hpPX2BYFjWe69xbhbP6J9h2gId/7ogesl9hwblFwwg=="
    },
    "@rollup/rollup-linux-arm64-gnu@4.31.0": {
      "integrity": "sha512-JyFFshbN5xwy6fulZ8B/8qOqENRmDdEkcIMF0Zz+RsfamEW+Zabl5jAb0IozP/8UKnJ7g2FtZZPEUIAlUSX8cA=="
    },
    "@rollup/rollup-linux-arm64-musl@4.31.0": {
      "integrity": "sha512-kpQXQ0UPFeMPmPYksiBL9WS/BDiQEjRGMfklVIsA0Sng347H8W2iexch+IEwaR7OVSKtr2ZFxggt11zVIlZ25g=="
    },
    "@rollup/rollup-linux-loongarch64-gnu@4.31.0": {
      "integrity": "sha512-pMlxLjt60iQTzt9iBb3jZphFIl55a70wexvo8p+vVFK+7ifTRookdoXX3bOsRdmfD+OKnMozKO6XM4zR0sHRrQ=="
    },
    "@rollup/rollup-linux-powerpc64le-gnu@4.31.0": {
      "integrity": "sha512-D7TXT7I/uKEuWiRkEFbed1UUYZwcJDU4vZQdPTcepK7ecPhzKOYk4Er2YR4uHKme4qDeIh6N3XrLfpuM7vzRWQ=="
    },
    "@rollup/rollup-linux-riscv64-gnu@4.31.0": {
      "integrity": "sha512-wal2Tc8O5lMBtoePLBYRKj2CImUCJ4UNGJlLwspx7QApYny7K1cUYlzQ/4IGQBLmm+y0RS7dwc3TDO/pmcneTw=="
    },
    "@rollup/rollup-linux-s390x-gnu@4.31.0": {
      "integrity": "sha512-O1o5EUI0+RRMkK9wiTVpk2tyzXdXefHtRTIjBbmFREmNMy7pFeYXCFGbhKFwISA3UOExlo5GGUuuj3oMKdK6JQ=="
    },
    "@rollup/rollup-linux-x64-gnu@4.31.0": {
      "integrity": "sha512-zSoHl356vKnNxwOWnLd60ixHNPRBglxpv2g7q0Cd3Pmr561gf0HiAcUBRL3S1vPqRC17Zo2CX/9cPkqTIiai1g=="
    },
    "@rollup/rollup-linux-x64-musl@4.31.0": {
      "integrity": "sha512-ypB/HMtcSGhKUQNiFwqgdclWNRrAYDH8iMYH4etw/ZlGwiTVxBz2tDrGRrPlfZu6QjXwtd+C3Zib5pFqID97ZA=="
    },
    "@rollup/rollup-win32-arm64-msvc@4.31.0": {
      "integrity": "sha512-JuhN2xdI/m8Hr+aVO3vspO7OQfUFO6bKLIRTAy0U15vmWjnZDLrEgCZ2s6+scAYaQVpYSh9tZtRijApw9IXyMw=="
    },
    "@rollup/rollup-win32-ia32-msvc@4.31.0": {
      "integrity": "sha512-U1xZZXYkvdf5MIWmftU8wrM5PPXzyaY1nGCI4KI4BFfoZxHamsIe+BtnPLIvvPykvQWlVbqUXdLa4aJUuilwLQ=="
    },
    "@rollup/rollup-win32-x64-msvc@4.31.0": {
      "integrity": "sha512-ul8rnCsUumNln5YWwz0ted2ZHFhzhRRnkpBZ+YRuHoRAlUji9KChpOUOndY7uykrPEPXVbHLlsdo6v5yXo/TXw=="
    },
    "@scena/dragscroll@1.4.0": {
      "integrity": "sha512-3O8daaZD9VXA9CP3dra6xcgt/qrm0mg0xJCwiX6druCteQ9FFsXffkF8PrqxY4Z4VJ58fFKEa0RlKqbsi/XnRA==",
      "dependencies": [
        "@daybrush/utils",
        "@scena/event-emitter"
      ]
    },
    "@scena/event-emitter@1.0.5": {
      "integrity": "sha512-AzY4OTb0+7ynefmWFQ6hxDdk0CySAq/D4efljfhtRHCOP7MBF9zUfhKG3TJiroVjASqVgkRJFdenS8ArZo6Olg==",
      "dependencies": [
        "@daybrush/utils"
      ]
    },
    "@scena/matrix@1.1.1": {
      "integrity": "sha512-JVKBhN0tm2Srl+Yt+Ywqu0oLgLcdemDQlD1OxmN9jaCTwaFPZ7tY8n6dhVgMEaR9qcR7r+kAlMXnSfNyYdE+Vg==",
      "dependencies": [
        "@daybrush/utils"
      ]
    },
    "@types/estree@1.0.6": {
      "integrity": "sha512-AYnb1nQyY49te+VRAVgmzfcgjYS91mY5P0TKUDCLEM+gNnA+3T6rWITXRLYCpahpqSQbN5cE+gHpnPyXjHWxcw=="
    },
    "@types/linkify-it@3.0.5": {
      "integrity": "sha512-yg6E+u0/+Zjva+buc3EIb+29XEg4wltq7cSmd4Uc2EE/1nUVmxyzpX6gUXD0V8jIrG0r7YeOGVIbYRkxeooCtw=="
    },
    "@types/markdown-it@13.0.9": {
      "integrity": "sha512-1XPwR0+MgXLWfTn9gCsZ55AHOKW1WN+P9vr0PaQh5aerR9LLQXUbjfEAFhjmEmyoYFWAyuN2Mqkn40MZ4ukjBw==",
      "dependencies": [
        "@types/linkify-it",
        "@types/mdurl"
      ]
    },
    "@types/mdurl@1.0.5": {
      "integrity": "sha512-6L6VymKTzYSrEf4Nev4Xa1LCHKrlTlYCBMTlQKFuddo1CvQcE52I0mwfOJayueUC7MJuXOeHTcIU683lzd0cUA=="
    },
    "@types/node@20.17.16": {
      "integrity": "sha512-vOTpLduLkZXePLxHiHsBLp98mHGnl8RptV4YAO3HfKO5UHjDvySGbxKtpYfy8Sx5+WKcgc45qNreJJRVM3L6mw==",
      "dependencies": [
        "undici-types"
      ]
    },
    "@types/web-bluetooth@0.0.20": {
      "integrity": "sha512-g9gZnnXVq7gM7v3tJCWV/qw7w+KeOlSHAhgF9RytFyifW6AF61hdT2ucrYhPq9hLs5JIryeupHV3qGk95dH9ow=="
    },
    "@vitejs/plugin-vue@5.2.1_vite@5.4.14__@types+node@20.17.16_vue@3.5.13__typescript@5.7.3_@types+node@20.17.16_typescript@5.7.3": {
      "integrity": "sha512-cxh314tzaWwOLqVes2gnnCtvBDcM1UMdn+iFR+UjAn411dPT3tOmqrJjbMd7koZpMAmBM/GqeV4n9ge7JSiJJQ==",
      "dependencies": [
        "vite",
        "vue"
      ]
    },
    "@vue/compiler-core@3.5.13": {
      "integrity": "sha512-oOdAkwqUfW1WqpwSYJce06wvt6HljgY3fGeM9NcVA1HaYOij3mZG9Rkysn0OHuyUAGMbEbARIpsG+LPVlBJ5/Q==",
      "dependencies": [
        "@babel/parser",
        "@vue/shared",
        "entities",
        "estree-walker",
        "source-map-js"
      ]
    },
    "@vue/compiler-dom@3.5.13": {
      "integrity": "sha512-ZOJ46sMOKUjO3e94wPdCzQ6P1Lx/vhp2RSvfaab88Ajexs0AHeV0uasYhi99WPaogmBlRHNRuly8xV75cNTMDA==",
      "dependencies": [
        "@vue/compiler-core",
        "@vue/shared"
      ]
    },
    "@vue/compiler-sfc@3.5.13": {
      "integrity": "sha512-6VdaljMpD82w6c2749Zhf5T9u5uLBWKnVue6XWxprDobftnletJ8+oel7sexFfM3qIxNmVE7LSFGTpv6obNyaQ==",
      "dependencies": [
        "@babel/parser",
        "@vue/compiler-core",
        "@vue/compiler-dom",
        "@vue/compiler-ssr",
        "@vue/shared",
        "estree-walker",
        "magic-string",
        "postcss",
        "source-map-js"
      ]
    },
    "@vue/compiler-ssr@3.5.13": {
      "integrity": "sha512-wMH6vrYHxQl/IybKJagqbquvxpWCuVYpoUJfCqFZwa/JY1GdATAQ+TgVtgrwwMZ0D07QhA99rs/EAAWfvG6KpA==",
      "dependencies": [
        "@vue/compiler-dom",
        "@vue/shared"
      ]
    },
    "@vue/devtools-api@6.6.4": {
      "integrity": "sha512-sGhTPMuXqZ1rVOk32RylztWkfXTRhuS7vgAKv0zjqk8gbsHkJ7xfFf+jbySxt7tWObEJwyKaHMikV/WGDiQm8g=="
    },
    "@vue/reactivity@3.5.13": {
      "integrity": "sha512-NaCwtw8o48B9I6L1zl2p41OHo/2Z4wqYGGIK1Khu5T7yxrn+ATOixn/Udn2m+6kZKB/J7cuT9DbWWhRxqixACg==",
      "dependencies": [
        "@vue/shared"
      ]
    },
    "@vue/runtime-core@3.5.13": {
      "integrity": "sha512-Fj4YRQ3Az0WTZw1sFe+QDb0aXCerigEpw418pw1HBUKFtnQHWzwojaukAs2X/c9DQz4MQ4bsXTGlcpGxU/RCIw==",
      "dependencies": [
        "@vue/reactivity",
        "@vue/shared"
      ]
    },
    "@vue/runtime-dom@3.5.13": {
      "integrity": "sha512-dLaj94s93NYLqjLiyFzVs9X6dWhTdAlEAciC3Moq7gzAc13VJUdCnjjRurNM6uTLFATRHexHCTu/Xp3eW6yoog==",
      "dependencies": [
        "@vue/reactivity",
        "@vue/runtime-core",
        "@vue/shared",
        "csstype"
      ]
    },
    "@vue/server-renderer@3.5.13_vue@3.5.13__typescript@5.7.3": {
      "integrity": "sha512-wAi4IRJV/2SAW3htkTlB+dHeRmpTiVIK1OGLWV1yeStVSebSQQOwGwIq0D3ZIoBj2C2qpgz5+vX9iEBkTdk5YA==",
      "dependencies": [
        "@vue/compiler-ssr",
        "@vue/shared",
        "vue"
      ]
    },
    "@vue/shared@3.5.13": {
      "integrity": "sha512-/hnE/qP5ZoGpol0a5mDi45bOd7t3tjYJBjsgCsivow7D48cJeV5l05RD82lPqi7gRiphZM37rnhW1l6ZoCNNnQ=="
    },
    "@vueuse/core@10.11.1_vue@3.5.13__typescript@5.7.3_typescript@5.7.3": {
      "integrity": "sha512-guoy26JQktXPcz+0n3GukWIy/JDNKti9v6VEMu6kV2sYBsWuGiTU8OWdg+ADfUbHg3/3DlqySDe7JmdHrktiww==",
      "dependencies": [
        "@types/web-bluetooth",
        "@vueuse/metadata",
        "@vueuse/shared",
        "vue-demi"
      ]
    },
    "@vueuse/integrations@10.11.1_focus-trap@7.6.4_vue@3.5.13__typescript@5.7.3_typescript@5.7.3": {
      "integrity": "sha512-Y5hCGBguN+vuVYTZmdd/IMXLOdfS60zAmDmFYc4BKBcMUPZH1n4tdyDECCPjXm0bNT3ZRUy1xzTLGaUje8Xyaw==",
      "dependencies": [
        "@vueuse/core",
        "@vueuse/shared",
        "focus-trap",
        "vue-demi"
      ]
    },
    "@vueuse/metadata@10.11.1": {
      "integrity": "sha512-IGa5FXd003Ug1qAZmyE8wF3sJ81xGLSqTqtQ6jaVfkeZ4i5kS2mwQF61yhVqojRnenVew5PldLyRgvdl4YYuSw=="
    },
    "@vueuse/shared@10.11.1_vue@3.5.13__typescript@5.7.3_typescript@5.7.3": {
      "integrity": "sha512-LHpC8711VFZlDaYUXEBbFBCQ7GS3dVU9mjOhhMhXP6txTV4EhYQg/KGnQuvt/sPAtoUKq7VVUnL6mVtFoL42sA==",
      "dependencies": [
        "vue-demi"
      ]
    },
    "algoliasearch@5.20.0": {
      "integrity": "sha512-groO71Fvi5SWpxjI9Ia+chy0QBwT61mg6yxJV27f5YFf+Mw+STT75K6SHySpP8Co5LsCrtsbCH5dJZSRtkSKaQ==",
      "dependencies": [
        "@algolia/client-abtesting",
        "@algolia/client-analytics",
        "@algolia/client-common",
        "@algolia/client-insights",
        "@algolia/client-personalization",
        "@algolia/client-query-suggestions",
        "@algolia/client-search",
        "@algolia/ingestion",
        "@algolia/monitoring",
        "@algolia/recommend",
        "@algolia/requester-browser-xhr",
        "@algolia/requester-fetch",
        "@algolia/requester-node-http"
      ]
    },
    "ansi-sequence-parser@1.1.1": {
      "integrity": "sha512-vJXt3yiaUL4UU546s3rPXlsry/RnM730G1+HkpKE012AN0sx1eOrxSu95oKDIonskeLTijMgqWZ3uDEe3NFvyg=="
    },
    "argparse@1.0.10": {
      "integrity": "sha512-o5Roy6tNG4SL/FOkCAN6RzjiakZS25RLYFrcMttJqbdd8BWrnA+fGz57iN5Pb06pvBGvl5gQ0B48dJlslXvoTg==",
      "dependencies": [
        "sprintf-js"
      ]
    },
    "balanced-match@1.0.2": {
      "integrity": "sha512-3oSeUO0TMV67hN1AmbXsK4yaqU7tjiHlbxRDZOpH0KW9+CeX4bRAaX0Anxt0tx2MrpRpWwQaPwIlISEJhYU5Pw=="
    },
    "brace-expansion@2.0.1": {
      "integrity": "sha512-XnAIvQ8eM+kC6aULx6wuQiwVsnzsi9d3WxzV3FpWTGA19F621kwdbsAcFKXgKUHZWsy+mY6iL1sHTxWEFCytDA==",
      "dependencies": [
        "balanced-match"
      ]
    },
    "croact-css-styled@1.1.9": {
      "integrity": "sha512-G7yvRiVJ3Eoj0ov2h2xR4312hpOzATay2dGS9clK8yJQothjH1sBXIyvOeRP5wBKD9mPcKcoUXPCPsl0tQog4w==",
      "dependencies": [
        "@daybrush/utils",
        "css-styled",
        "framework-utils"
      ]
    },
    "croact-moveable@0.9.0_croact@1.0.4": {
      "integrity": "sha512-fc3bieV6CdqqZFtzsSLi9KmvUMFW3oakUfhPCls1BxKjOfUfn8rktteGED2341A/Qghy8tI3Hm6SdocIc68IKg==",
      "dependencies": [
        "@daybrush/utils",
        "@egjs/agent",
        "@egjs/children-differ",
        "@egjs/list-differ",
        "@scena/dragscroll",
        "@scena/event-emitter",
        "@scena/matrix",
        "croact",
        "croact-css-styled",
        "css-to-mat",
        "framework-utils",
        "gesto",
        "overlap-area",
        "react-css-styled",
        "react-moveable"
      ]
    },
    "croact@1.0.4": {
      "integrity": "sha512-9GhvyzTY/IVUrMQ2iz/mzgZ8+NcjczmIo/t4FkC1CU0CEcau6v6VsEih4jkTa4ZmRgYTF0qXEZLObCzdDFplpw==",
      "dependencies": [
        "@daybrush/utils",
        "@egjs/list-differ"
      ]
    },
    "css-styled@1.0.8": {
      "integrity": "sha512-tCpP7kLRI8dI95rCh3Syl7I+v7PP+2JYOzWkl0bUEoSbJM+u8ITbutjlQVf0NC2/g4ULROJPi16sfwDIO8/84g==",
      "dependencies": [
        "@daybrush/utils"
      ]
    },
    "css-to-mat@1.1.1": {
      "integrity": "sha512-kvpxFYZb27jRd2vium35G7q5XZ2WJ9rWjDUMNT36M3Hc41qCrLXFM5iEKMGXcrPsKfXEN+8l/riB4QzwwwiEyQ==",
      "dependencies": [
        "@daybrush/utils",
        "@scena/matrix"
      ]
    },
    "csstype@3.1.3": {
      "integrity": "sha512-M1uQkMl8rQK/szD0LNhtqxIPLpimGm8sOBwU7lLnCpSbTyY3yeU1Vc7l4KT5zT4s/yOxHH5O7tIuuLOCnLADRw=="
    },
    "entities@4.5.0": {
      "integrity": "sha512-V0hjH4dGPh9Ao5p0MoRY6BVqtwCjhz6vI5LT8AJ55H+4g9/4vbHx1I54fS0XuclLhDHArPQCiMjDxjaL8fPxhw=="
    },
    "esbuild@0.21.5": {
      "integrity": "sha512-mg3OPMV4hXywwpoDxu3Qda5xCKQi+vCTZq8S9J/EpkhB2HzKXq4SNFZE3+NK93JYxc8VMSep+lOUSC/RVKaBqw==",
      "dependencies": [
        "@esbuild/aix-ppc64",
        "@esbuild/android-arm",
        "@esbuild/android-arm64",
        "@esbuild/android-x64",
        "@esbuild/darwin-arm64",
        "@esbuild/darwin-x64",
        "@esbuild/freebsd-arm64",
        "@esbuild/freebsd-x64",
        "@esbuild/linux-arm",
        "@esbuild/linux-arm64",
        "@esbuild/linux-ia32",
        "@esbuild/linux-loong64",
        "@esbuild/linux-mips64el",
        "@esbuild/linux-ppc64",
        "@esbuild/linux-riscv64",
        "@esbuild/linux-s390x",
        "@esbuild/linux-x64",
        "@esbuild/netbsd-x64",
        "@esbuild/openbsd-x64",
        "@esbuild/sunos-x64",
        "@esbuild/win32-arm64",
        "@esbuild/win32-ia32",
        "@esbuild/win32-x64"
      ]
    },
    "esprima@4.0.1": {
      "integrity": "sha512-eGuFFw7Upda+g4p+QHvnW0RyTX/SVeJBDM/gCtMARO0cLuT2HcEKnTPvhjV6aGeqrCB/sbNop0Kszm0jsaWU4A=="
    },
    "estree-walker@2.0.2": {
      "integrity": "sha512-Rfkk/Mp/DL7JVje3u18FxFujQlTNR2q6QfMSMB7AvCBx91NGj/ba3kCfza0f6dVDbw7YlRf/nDrn7pQrCCyQ/w=="
    },
    "focus-trap@7.6.4": {
      "integrity": "sha512-xx560wGBk7seZ6y933idtjJQc1l+ck+pI3sKvhKozdBV1dRZoKhkW5xoCaFv9tQiX5RH1xfSxjuNu6g+lmN/gw==",
      "dependencies": [
        "tabbable"
      ]
    },
    "framework-utils@1.1.0": {
      "integrity": "sha512-KAfqli5PwpFJ8o3psRNs8svpMGyCSAe8nmGcjQ0zZBWN2H6dZDnq+ABp3N3hdUmFeMrLtjOCTXD4yplUJIWceg=="
    },
    "front-matter@4.0.2": {
      "integrity": "sha512-I8ZuJ/qG92NWX8i5x1Y8qyj3vizhXS31OxjKDu3LKP+7/qBgfIKValiZIEwoVoJKUHlhWtYrktkxV1XsX+pPlg==",
      "dependencies": [
        "js-yaml"
      ]
    },
    "fsevents@2.3.2": {
      "integrity": "sha512-xiqMQR4xAeHTuB9uWm+fFRcIOgKBMiOBP+eXiyT7jsgVCq1bkVygt00oASowB7EdtpOHaaPgKt812P9ab+DDKA=="
    },
    "fsevents@2.3.3": {
      "integrity": "sha512-5xoDfX+fL7faATnagmWPpbFtwh/R77WmMMqqHGS65C3vvB0YHrgF+B1YmZ3441tMj5n63k0212XNoJwzlhffQw=="
    },
    "gesto@1.19.4": {
      "integrity": "sha512-hfr/0dWwh0Bnbb88s3QVJd1ZRJeOWcgHPPwmiH6NnafDYvhTsxg+SLYu+q/oPNh9JS3V+nlr6fNs8kvPAtcRDQ==",
      "dependencies": [
        "@daybrush/utils",
        "@scena/event-emitter"
      ]
    },
    "handlebars@4.7.8": {
      "integrity": "sha512-vafaFqs8MZkRrSX7sFVUdo3ap/eNiLnb4IakshzvP56X5Nr1iGKAIqdX6tMlm6HcNRIkr6AxO5jFEoJzzpT8aQ==",
      "dependencies": [
        "minimist",
        "neo-async",
        "source-map",
        "uglify-js",
        "wordwrap"
      ]
    },
    "js-yaml@3.14.1": {
      "integrity": "sha512-okMH7OXXJ7YrN9Ok3/SXrnu4iX9yOk+25nqX4imS2npuvTYDmo/QEZoqwZkYaIDk3jVvBOTOIEgEhaLOynBS9g==",
      "dependencies": [
        "argparse",
        "esprima"
      ]
    },
    "jsonc-parser@3.3.1": {
      "integrity": "sha512-HUgH65KyejrUFPvHFPbqOY0rsFip3Bo5wb4ngvdi1EpCYWUQDC5V+Y7mZws+DLkr4M//zQJoanu1SP+87Dv1oQ=="
    },
    "keycode@2.2.1": {
      "integrity": "sha512-Rdgz9Hl9Iv4QKi8b0OlCRQEzp4AgVxyCtz5S/+VIHezDmrDhkp2N2TqBWOLz0/gbeREXOOiI9/4b8BY9uw2vFg=="
    },
    "keycon@1.4.0": {
      "integrity": "sha512-p1NAIxiRMH3jYfTeXRs2uWbVJ1WpEjpi8ktzUyBJsX7/wn2qu2VRXktneBLNtKNxJmlUYxRi9gOJt1DuthXR7A==",
      "dependencies": [
        "@cfcs/core",
        "@daybrush/utils",
        "@scena/event-emitter",
        "keycode"
      ]
    },
    "lunr@2.3.9": {
      "integrity": "sha512-zTU3DaZaF3Rt9rhN3uBMGQD3dD2/vFQqnvZCDv4dl5iOzq2IZQqTxu90r4E5J+nP70J3ilqVCrbho2eWaeW8Ow=="
    },
    "magic-string@0.30.17": {
      "integrity": "sha512-sNPKHvyjVf7gyjwS4xGTaW/mCnF8wnjtifKBEhxfZ7E/S8tQ0rssrwGNn6q8JH/ohItJfSQp9mBtQYuTlH5QnA==",
      "dependencies": [
        "@jridgewell/sourcemap-codec"
      ]
    },
    "mark.js@8.11.1": {
      "integrity": "sha512-1I+1qpDt4idfgLQG+BNWmrqku+7/2bi5nLf4YwF8y8zXvmfiTBY3PV3ZibfrjBueCByROpuBjLLFCajqkgYoLQ=="
    },
    "marked@4.3.0": {
      "integrity": "sha512-PRsaiG84bK+AMvxziE/lCFss8juXjNaWzVbN5tXAm4XjeaS9NAHhop+PjQxz2A9h8Q4M/xGmzP8vqNwy6JeK0A=="
    },
    "minimatch@9.0.5": {
      "integrity": "sha512-G6T0ZX48xgozx7587koeX9Ys2NYy6Gmv//P89sEte9V9whIapMNF4idKxnW2QtCcLiTWlb/wfCabAtAFWhhBow==",
      "dependencies": [
        "brace-expansion"
      ]
    },
    "minimist@1.2.8": {
      "integrity": "sha512-2yyAR8qBkN3YuheJanUpWC5U3bb5osDywNB8RzDVlDwDHbocAJveqqj1u8+SVD7jkWT4yvsHCpWqqWqAxb0zCA=="
    },
    "minisearch@6.3.0": {
      "integrity": "sha512-ihFnidEeU8iXzcVHy74dhkxh/dn8Dc08ERl0xwoMMGqp4+LvRSCgicb+zGqWthVokQKvCSxITlh3P08OzdTYCQ=="
    },
    "moveable@0.53.0_croact@1.0.4": {
      "integrity": "sha512-71jS9zIoQzMhnNvduhg4tUEdm23+fO/40FN7muVMbZvVwbTku2MIxxLhnU4qFvxI4oVxn75l79SbtgjuA+s7Pw==",
      "dependencies": [
        "@daybrush/utils",
        "@scena/event-emitter",
        "croact",
        "croact-moveable",
        "react-moveable"
      ]
    },
    "nanoid@3.3.8": {
      "integrity": "sha512-WNLf5Sd8oZxOm+TzppcYk8gVOgP+l58xNy58D0nbUnOxOWRWvlcCV4kUF7ltmI6PsrLl/BgKEyS4mqsGChFN0w=="
    },
    "neo-async@2.6.2": {
      "integrity": "sha512-Yd3UES5mWCSqR+qNT93S3UoYUkqAZ9lLg8a7g9rimsWmYGK8cVToA4/sF3RrshdyV3sAGMXVUmpMYOw+dLpOuw=="
    },
    "overlap-area@1.1.0": {
      "integrity": "sha512-3dlJgJCaVeXH0/eZjYVJvQiLVVrPO4U1ZGqlATtx6QGO3b5eNM6+JgUKa7oStBTdYuGTk7gVoABCW6Tp+dhRdw==",
      "dependencies": [
        "@daybrush/utils"
      ]
    },
    "picocolors@1.1.1": {
      "integrity": "sha512-xceH2snhtb5M9liqDsmEw56le376mTZkEX/jEb/RxNFyegNul7eNslCXP9FDj/Lcu0X8KEyMceP2ntpaHrDEVA=="
    },
    "playwright-core@1.49.1": {
      "integrity": "sha512-BzmpVcs4kE2CH15rWfzpjzVGhWERJfmnXmniSyKeRZUs9Ws65m+RGIi7mjJK/euCegfn3i7jvqWeWyHe9y3Vgg=="
    },
    "playwright@1.49.1": {
      "integrity": "sha512-VYL8zLoNTBxVOrJBbDuRgDWa3i+mfQgDTrL8Ah9QXZ7ax4Dsj0MSq5bYgytRnDVVe+njoKnfsYkH3HzqVj5UZA==",
      "dependencies": [
        "fsevents@2.3.2",
        "playwright-core"
      ]
    },
    "postcss@8.5.1": {
      "integrity": "sha512-6oz2beyjc5VMn/KV1pPw8fliQkhBXrVn1Z3TVyqZxU8kZpzEKhBdmCFqI6ZbmGtamQvQGuU1sgPTk8ZrXDD7jQ==",
      "dependencies": [
        "nanoid",
        "picocolors",
        "source-map-js"
      ]
    },
    "preact@10.25.4": {
      "integrity": "sha512-jLdZDb+Q+odkHJ+MpW/9U5cODzqnB+fy2EiHSZES7ldV5LK7yjlVzTp7R8Xy6W6y75kfK8iWYtFVH7lvjwrCMA=="
    },
    "react-css-styled@1.1.9": {
      "integrity": "sha512-M7fJZ3IWFaIHcZEkoFOnkjdiUFmwd8d+gTh2bpqMOcnxy/0Gsykw4dsL4QBiKsxcGow6tETUa4NAUcmJF+/nfw==",
      "dependencies": [
        "css-styled",
        "framework-utils"
      ]
    },
    "react-moveable@0.56.0": {
      "integrity": "sha512-FmJNmIOsOA36mdxbrc/huiE4wuXSRlmon/o+/OrfNhSiYYYL0AV5oObtPluEhb2Yr/7EfYWBHTxF5aWAvjg1SA==",
      "dependencies": [
        "@daybrush/utils",
        "@egjs/agent",
        "@egjs/children-differ",
        "@egjs/list-differ",
        "@scena/dragscroll",
        "@scena/event-emitter",
        "@scena/matrix",
        "css-to-mat",
        "framework-utils",
        "gesto",
        "overlap-area",
        "react-css-styled",
        "react-selecto"
      ]
    },
    "react-selecto@1.26.3": {
      "integrity": "sha512-Ubik7kWSnZyQEBNro+1k38hZaI1tJarE+5aD/qsqCOA1uUBSjgKVBy3EWRzGIbdmVex7DcxznFZLec/6KZNvwQ==",
      "dependencies": [
        "selecto"
      ]
    },
    "rollup@4.31.0": {
      "integrity": "sha512-9cCE8P4rZLx9+PjoyqHLs31V9a9Vpvfo4qNcs6JCiGWYhw2gijSetFbH6SSy1whnkgcefnUwr8sad7tgqsGvnw==",
      "dependencies": [
        "@rollup/rollup-android-arm-eabi",
        "@rollup/rollup-android-arm64",
        "@rollup/rollup-darwin-arm64",
        "@rollup/rollup-darwin-x64",
        "@rollup/rollup-freebsd-arm64",
        "@rollup/rollup-freebsd-x64",
        "@rollup/rollup-linux-arm-gnueabihf",
        "@rollup/rollup-linux-arm-musleabihf",
        "@rollup/rollup-linux-arm64-gnu",
        "@rollup/rollup-linux-arm64-musl",
        "@rollup/rollup-linux-loongarch64-gnu",
        "@rollup/rollup-linux-powerpc64le-gnu",
        "@rollup/rollup-linux-riscv64-gnu",
        "@rollup/rollup-linux-s390x-gnu",
        "@rollup/rollup-linux-x64-gnu",
        "@rollup/rollup-linux-x64-musl",
        "@rollup/rollup-win32-arm64-msvc",
        "@rollup/rollup-win32-ia32-msvc",
        "@rollup/rollup-win32-x64-msvc",
        "@types/estree",
        "fsevents@2.3.3"
      ]
    },
    "search-insights@2.17.3": {
      "integrity": "sha512-RQPdCYTa8A68uM2jwxoY842xDhvx3E5LFL1LxvxCNMev4o5mLuokczhzjAgGwUZBAmOKZknArSxLKmXtIi2AxQ=="
    },
    "selecto@1.26.3": {
      "integrity": "sha512-gZHgqMy5uyB6/2YDjv3Qqaf7bd2hTDOpPdxXlrez4R3/L0GiEWDCFaUfrflomgqdb3SxHF2IXY0Jw0EamZi7cw==",
      "dependencies": [
        "@daybrush/utils",
        "@egjs/children-differ",
        "@scena/dragscroll",
        "@scena/event-emitter",
        "css-styled",
        "css-to-mat",
        "framework-utils",
        "gesto",
        "keycon",
        "overlap-area"
      ]
    },
    "shiki@0.14.7": {
      "integrity": "sha512-dNPAPrxSc87ua2sKJ3H5dQ/6ZaY8RNnaAqK+t0eG7p0Soi2ydiqbGOTaZCqaYvA/uZYfS1LJnemt3Q+mSfcPCg==",
      "dependencies": [
        "ansi-sequence-parser",
        "jsonc-parser",
        "vscode-oniguruma",
        "vscode-textmate"
      ]
    },
    "shikiji-core@0.9.19": {
      "integrity": "sha512-AFJu/vcNT21t0e6YrfadZ+9q86gvPum6iywRyt1OtIPjPFe25RQnYJyxHQPMLKCCWA992TPxmEmbNcOZCAJclw=="
    },
    "shikiji-transformers@0.9.19": {
      "integrity": "sha512-lGLI7Z8frQrIBbhZ74/eiJtxMoCQRbpaHEB+gcfvdIy+ZFaAtXncJGnc52932/UET+Y4GyKtwwC/vjWUCp+c/Q==",
      "dependencies": [
        "shikiji"
      ]
    },
    "shikiji@0.9.19": {
      "integrity": "sha512-Kw2NHWktdcdypCj1GkKpXH4o6Vxz8B8TykPlPuLHOGSV8VkhoCLcFOH4k19K4LXAQYRQmxg+0X/eM+m2sLhAkg==",
      "dependencies": [
        "shikiji-core"
      ]
    },
    "source-map-js@1.2.1": {
      "integrity": "sha512-UXWMKhLOwVKb728IUtQPXxfYU+usdybtUrK/8uGE8CQMvrhOpwvzDBwj0QhSL7MQc7vIsISBG8VQ8+IDQxpfQA=="
    },
    "source-map@0.6.1": {
      "integrity": "sha512-UjgapumWlbMhkBgzT7Ykc5YXUT46F0iKu8SGXq0bcwP5dz/h0Plj6enJqjz1Zbq2l5WaqYnrVbwWOWMyF3F47g=="
    },
    "sprintf-js@1.0.3": {
      "integrity": "sha512-D9cPgkvLlV3t3IzL0D0YLvGA9Ahk4PcvVwUbN0dSGr1aP0Nrt4AEnTUbuGvquEC0mA64Gqt1fzirlRs5ibXx8g=="
    },
    "tabbable@6.2.0": {
      "integrity": "sha512-Cat63mxsVJlzYvN51JmVXIgNoUokrIaT2zLclCXjRd8boZ0004U4KCs/sToJ75C6sdlByWxpYnb5Boif1VSFew=="
    },
    "typedoc-plugin-markdown@3.17.1_typedoc@0.25.13__typescript@5.4.5": {
      "integrity": "sha512-QzdU3fj0Kzw2XSdoL15ExLASt2WPqD7FbLeaqwT70+XjKyTshBnUlQA5nNREO1C2P8Uen0CDjsBLMsCQ+zd0lw==",
      "dependencies": [
        "handlebars",
        "typedoc"
      ]
    },
    "typedoc-plugin-zod@1.3.1_typedoc@0.25.13__typescript@5.4.5": {
      "integrity": "sha512-u4NH1Ez168gRNnhUd0x4pZhp85maJ9y050IxSok9XwdzTpUA9NN0ee3ho8ssrzmxsvO2UDbDEiks7xtI0p6UXA==",
      "dependencies": [
        "typedoc"
      ]
    },
    "typedoc@0.25.13_typescript@5.4.5": {
      "integrity": "sha512-pQqiwiJ+Z4pigfOnnysObszLiU3mVLWAExSPf+Mu06G/qsc3wzbuM56SZQvONhHLncLUhYzOVkjFFpFfL5AzhQ==",
      "dependencies": [
        "lunr",
        "marked",
        "minimatch",
        "shiki",
        "typescript@5.4.5"
      ]
    },
    "typescript@5.4.5": {
      "integrity": "sha512-vcI4UpRgg81oIRUFwR0WSIHKt11nJ7SAVlYNIu+QpqeyXP+gpQJy/Z4+F0aGxSE4MqwjyXvW/TzgkLAx2AGHwQ=="
    },
    "typescript@5.7.3": {
      "integrity": "sha512-84MVSjMEHP+FQRPy3pX9sTVV/INIex71s9TL2Gm5FG/WG1SqXeKyZ0k7/blY/4FdOzI12CBy1vGc4og/eus0fw=="
    },
    "uglify-js@3.19.3": {
      "integrity": "sha512-v3Xu+yuwBXisp6QYTcH4UbH+xYJXqnq2m/LtQVWKWzYc1iehYnLixoQDN9FH6/j9/oybfd6W9Ghwkl8+UMKTKQ=="
    },
    "undici-types@6.19.8": {
      "integrity": "sha512-ve2KP6f/JnbPBFyobGHuerC9g1FYGn/F8n1LWTwNxCEzd6IfqTwUQcNXgEtmmQ6DlRrC1hrSrBnCZPokRrDHjw=="
    },
    "vite@5.4.14_@types+node@20.17.16": {
      "integrity": "sha512-EK5cY7Q1D8JNhSaPKVK4pwBFvaTmZxEnoKXLG/U9gmdDcihQGNzFlgIvaxezFR4glP1LsuiedwMBqCXH3wZccA==",
      "dependencies": [
        "@types/node",
        "esbuild",
        "fsevents@2.3.3",
        "postcss",
        "rollup"
      ]
    },
    "vitepress-plugin-auto-sidebar@1.2.0": {
      "integrity": "sha512-vxIiFaLOkQk8RnwvAn5hmzQq/C+NqBbBYpnrBo1VsInnX/7SITsmVCTs9ITD2VpBMUuvpauYUlvyRjXOJhCbEg==",
      "dependencies": [
        "front-matter"
      ]
    },
    "vitepress@1.0.0-rc.35_vite@5.4.14__@types+node@20.17.16_vue@3.5.13__typescript@5.7.3_focus-trap@7.6.4_@types+node@20.17.16_typescript@5.7.3": {
      "integrity": "sha512-+2VnFwtYIiKWWAnMjWg7ik0PfsUdrNoZIZKeu5dbJtrkzKO/mTvlA3owiT5VBKJsZAgI17B5UV37aYfUvGrN6g==",
      "dependencies": [
        "@docsearch/css",
        "@docsearch/js",
        "@types/markdown-it",
        "@vitejs/plugin-vue",
        "@vue/devtools-api",
        "@vueuse/core",
        "@vueuse/integrations",
        "focus-trap",
        "mark.js",
        "minisearch",
        "shikiji",
        "shikiji-core",
        "shikiji-transformers",
        "vite",
        "vue"
      ]
    },
    "vscode-oniguruma@1.7.0": {
      "integrity": "sha512-L9WMGRfrjOhgHSdOYgCt/yRMsXzLDJSL7BPrOZt73gU0iWO4mpqzqQzOz5srxqTvMBaR0XZTSrVWo4j55Rc6cA=="
    },
    "vscode-textmate@8.0.0": {
      "integrity": "sha512-AFbieoL7a5LMqcnOF04ji+rpXadgOXnZsxQr//r83kLPr7biP7am3g9zbaZIaBGwBRWeSvoMD4mgPdX3e4NWBg=="
    },
    "vue-demi@0.14.10_vue@3.5.13__typescript@5.7.3_typescript@5.7.3": {
      "integrity": "sha512-nMZBOwuzabUO0nLgIcc6rycZEebF6eeUfaiQx9+WSk8e29IbLvPU9feI6tqW4kTo3hvoYAJkMh8n8D0fuISphg==",
      "dependencies": [
        "vue"
      ]
    },
    "vue@3.5.13_typescript@5.7.3": {
      "integrity": "sha512-wmeiSMxkZCSc+PM2w2VRsOYAZC8GdipNFRTsLSfodVqI9mbejKeXEGr8SckuLnrQPGe3oJN5c3K0vpoU9q/wCQ==",
      "dependencies": [
        "@vue/compiler-dom",
        "@vue/compiler-sfc",
        "@vue/runtime-dom",
        "@vue/server-renderer",
        "@vue/shared",
        "typescript@5.7.3"
      ]
    },
    "wordwrap@1.0.0": {
      "integrity": "sha512-gvVzJFlPycKc5dZN4yPkP8w7Dc37BtP1yczEneOb4uq34pXZcvrtRTmWV8W+Ume+XCxKgbjM+nevkyFPMybd4Q=="
    },
    "zod@3.24.1": {
      "integrity": "sha512-muH7gBL9sI1nciMZV67X5fTKKBLtwpZ5VBp1vsOQzj1MhrBZ4wlVCm3gedKZWLp0Oyel8sIGfeiz54Su+OVT+A=="
    }
  },
  "workspace": {
    "packageJson": {
      "dependencies": [
        "npm:@playwright/test@^1.40.1",
        "npm:@types/node@^20.10.7",
        "npm:moveable@0.53",
        "npm:typedoc-plugin-markdown@^3.17.1",
        "npm:typedoc-plugin-zod@^1.1.2",
        "npm:typedoc@~0.25.6",
        "npm:typescript@^5.2.2",
        "npm:vite@^5.0.8",
        "npm:vitepress-plugin-auto-sidebar@^1.1.0",
        "npm:vitepress@1.0.0-rc.35",
        "npm:zod@^3.24.1"
      ]
    }
  }
}
